// !$*UTF8*$!
{
	archiveVersion = 1;
	classes = {
	};
	objectVersion = 50;
	objects = {

/* Begin PBXBuildFile section */
		2C6F7E4026ADF0760023EB64 /* AppDelegate.swift in Sources */ = {isa = PBXBuildFile; fileRef = 2C6F7E3F26ADF0760023EB64 /* AppDelegate.swift */; };
		2C6F7E4226ADF0760023EB64 /* SceneDelegate.swift in Sources */ = {isa = PBXBuildFile; fileRef = 2C6F7E4126ADF0760023EB64 /* SceneDelegate.swift */; };
		2C6F7E4426ADF0760023EB64 /* ViewController.swift in Sources */ = {isa = PBXBuildFile; fileRef = 2C6F7E4326ADF0760023EB64 /* ViewController.swift */; };
		2C6F7E4726ADF0760023EB64 /* Main.storyboard in Resources */ = {isa = PBXBuildFile; fileRef = 2C6F7E4526ADF0760023EB64 /* Main.storyboard */; };
		2C6F7E4926ADF0790023EB64 /* Assets.xcassets in Resources */ = {isa = PBXBuildFile; fileRef = 2C6F7E4826ADF0790023EB64 /* Assets.xcassets */; };
		2C6F7E4C26ADF0790023EB64 /* LaunchScreen.storyboard in Resources */ = {isa = PBXBuildFile; fileRef = 2C6F7E4A26ADF0790023EB64 /* LaunchScreen.storyboard */; };
		2C6F7E5726ADF0790023EB64 /* TesteWebViewTests.swift in Sources */ = {isa = PBXBuildFile; fileRef = 2C6F7E5626ADF0790023EB64 /* TesteWebViewTests.swift */; };
		2C6F7E6226ADF0790023EB64 /* TesteWebViewUITests.swift in Sources */ = {isa = PBXBuildFile; fileRef = 2C6F7E6126ADF0790023EB64 /* TesteWebViewUITests.swift */; };
		2C6F7E7326ADF0AC0023EB64 /* CustomWKWebView.swift in Sources */ = {isa = PBXBuildFile; fileRef = 2C6F7E7226ADF0AC0023EB64 /* CustomWKWebView.swift */; };
/* End PBXBuildFile section */

/* Begin PBXContainerItemProxy section */
		2C6F7E5326ADF0790023EB64 /* PBXContainerItemProxy */ = {
			isa = PBXContainerItemProxy;
			containerPortal = 2C6F7E3426ADF0760023EB64 /* Project object */;
			proxyType = 1;
			remoteGlobalIDString = 2C6F7E3B26ADF0760023EB64;
			remoteInfo = TesteWebView;
		};
		2C6F7E5E26ADF0790023EB64 /* PBXContainerItemProxy */ = {
			isa = PBXContainerItemProxy;
			containerPortal = 2C6F7E3426ADF0760023EB64 /* Project object */;
			proxyType = 1;
			remoteGlobalIDString = 2C6F7E3B26ADF0760023EB64;
			remoteInfo = TesteWebView;
		};
/* End PBXContainerItemProxy section */

/* Begin PBXFileReference section */
		2C6F7E3C26ADF0760023EB64 /* TesteWebView.app */ = {isa = PBXFileReference; explicitFileType = wrapper.application; includeInIndex = 0; path = TesteWebView.app; sourceTree = BUILT_PRODUCTS_DIR; };
		2C6F7E3F26ADF0760023EB64 /* AppDelegate.swift */ = {isa = PBXFileReference; lastKnownFileType = sourcecode.swift; path = AppDelegate.swift; sourceTree = "<group>"; };
		2C6F7E4126ADF0760023EB64 /* SceneDelegate.swift */ = {isa = PBXFileReference; lastKnownFileType = sourcecode.swift; path = SceneDelegate.swift; sourceTree = "<group>"; };
		2C6F7E4326ADF0760023EB64 /* ViewController.swift */ = {isa = PBXFileReference; lastKnownFileType = sourcecode.swift; path = ViewController.swift; sourceTree = "<group>"; };
		2C6F7E4626ADF0760023EB64 /* Base */ = {isa = PBXFileReference; lastKnownFileType = file.storyboard; name = Base; path = Base.lproj/Main.storyboard; sourceTree = "<group>"; };
		2C6F7E4826ADF0790023EB64 /* Assets.xcassets */ = {isa = PBXFileReference; lastKnownFileType = folder.assetcatalog; path = Assets.xcassets; sourceTree = "<group>"; };
		2C6F7E4B26ADF0790023EB64 /* Base */ = {isa = PBXFileReference; lastKnownFileType = file.storyboard; name = Base; path = Base.lproj/LaunchScreen.storyboard; sourceTree = "<group>"; };
		2C6F7E4D26ADF0790023EB64 /* Info.plist */ = {isa = PBXFileReference; lastKnownFileType = text.plist.xml; path = Info.plist; sourceTree = "<group>"; };
		2C6F7E5226ADF0790023EB64 /* TesteWebViewTests.xctest */ = {isa = PBXFileReference; explicitFileType = wrapper.cfbundle; includeInIndex = 0; path = TesteWebViewTests.xctest; sourceTree = BUILT_PRODUCTS_DIR; };
		2C6F7E5626ADF0790023EB64 /* TesteWebViewTests.swift */ = {isa = PBXFileReference; lastKnownFileType = sourcecode.swift; path = TesteWebViewTests.swift; sourceTree = "<group>"; };
		2C6F7E5826ADF0790023EB64 /* Info.plist */ = {isa = PBXFileReference; lastKnownFileType = text.plist.xml; path = Info.plist; sourceTree = "<group>"; };
		2C6F7E5D26ADF0790023EB64 /* TesteWebViewUITests.xctest */ = {isa = PBXFileReference; explicitFileType = wrapper.cfbundle; includeInIndex = 0; path = TesteWebViewUITests.xctest; sourceTree = BUILT_PRODUCTS_DIR; };
		2C6F7E6126ADF0790023EB64 /* TesteWebViewUITests.swift */ = {isa = PBXFileReference; lastKnownFileType = sourcecode.swift; path = TesteWebViewUITests.swift; sourceTree = "<group>"; };
		2C6F7E6326ADF0790023EB64 /* Info.plist */ = {isa = PBXFileReference; lastKnownFileType = text.plist.xml; path = Info.plist; sourceTree = "<group>"; };
		2C6F7E7226ADF0AC0023EB64 /* CustomWKWebView.swift */ = {isa = PBXFileReference; lastKnownFileType = sourcecode.swift; path = CustomWKWebView.swift; sourceTree = "<group>"; };
/* End PBXFileReference section */

/* Begin PBXFrameworksBuildPhase section */
		2C6F7E3926ADF0760023EB64 /* Frameworks */ = {
			isa = PBXFrameworksBuildPhase;
			buildActionMask = 2147483647;
			files = (
			);
			runOnlyForDeploymentPostprocessing = 0;
		};
		2C6F7E4F26ADF0790023EB64 /* Frameworks */ = {
			isa = PBXFrameworksBuildPhase;
			buildActionMask = 2147483647;
			files = (
			);
			runOnlyForDeploymentPostprocessing = 0;
		};
		2C6F7E5A26ADF0790023EB64 /* Frameworks */ = {
			isa = PBXFrameworksBuildPhase;
			buildActionMask = 2147483647;
			files = (
			);
			runOnlyForDeploymentPostprocessing = 0;
		};
/* End PBXFrameworksBuildPhase section */

/* Begin PBXGroup section */
		2C6F7E3326ADF0760023EB64 = {
			isa = PBXGroup;
			children = (
				2C6F7E3E26ADF0760023EB64 /* TesteWebView */,
				2C6F7E5526ADF0790023EB64 /* TesteWebViewTests */,
				2C6F7E6026ADF0790023EB64 /* TesteWebViewUITests */,
				2C6F7E3D26ADF0760023EB64 /* Products */,
			);
			sourceTree = "<group>";
		};
		2C6F7E3D26ADF0760023EB64 /* Products */ = {
			isa = PBXGroup;
			children = (
				2C6F7E3C26ADF0760023EB64 /* TesteWebView.app */,
				2C6F7E5226ADF0790023EB64 /* TesteWebViewTests.xctest */,
				2C6F7E5D26ADF0790023EB64 /* TesteWebViewUITests.xctest */,
			);
			name = Products;
			sourceTree = "<group>";
		};
		2C6F7E3E26ADF0760023EB64 /* TesteWebView */ = {
			isa = PBXGroup;
			children = (
				2C6F7E3F26ADF0760023EB64 /* AppDelegate.swift */,
				2C6F7E4126ADF0760023EB64 /* SceneDelegate.swift */,
				2C6F7E4326ADF0760023EB64 /* ViewController.swift */,
				2C6F7E4526ADF0760023EB64 /* Main.storyboard */,
				2C6F7E4826ADF0790023EB64 /* Assets.xcassets */,
				2C6F7E4A26ADF0790023EB64 /* LaunchScreen.storyboard */,
				2C6F7E4D26ADF0790023EB64 /* Info.plist */,
				2C6F7E7226ADF0AC0023EB64 /* CustomWKWebView.swift */,
			);
			path = TesteWebView;
			sourceTree = "<group>";
		};
		2C6F7E5526ADF0790023EB64 /* TesteWebViewTests */ = {
			isa = PBXGroup;
			children = (
				2C6F7E5626ADF0790023EB64 /* TesteWebViewTests.swift */,
				2C6F7E5826ADF0790023EB64 /* Info.plist */,
			);
			path = TesteWebViewTests;
			sourceTree = "<group>";
		};
		2C6F7E6026ADF0790023EB64 /* TesteWebViewUITests */ = {
			isa = PBXGroup;
			children = (
				2C6F7E6126ADF0790023EB64 /* TesteWebViewUITests.swift */,
				2C6F7E6326ADF0790023EB64 /* Info.plist */,
			);
			path = TesteWebViewUITests;
			sourceTree = "<group>";
		};
/* End PBXGroup section */

/* Begin PBXNativeTarget section */
		2C6F7E3B26ADF0760023EB64 /* TesteWebView */ = {
			isa = PBXNativeTarget;
			buildConfigurationList = 2C6F7E6626ADF0790023EB64 /* Build configuration list for PBXNativeTarget "TesteWebView" */;
			buildPhases = (
				2C6F7E3826ADF0760023EB64 /* Sources */,
				2C6F7E3926ADF0760023EB64 /* Frameworks */,
				2C6F7E3A26ADF0760023EB64 /* Resources */,
			);
			buildRules = (
			);
			dependencies = (
			);
			name = TesteWebView;
			productName = TesteWebView;
			productReference = 2C6F7E3C26ADF0760023EB64 /* TesteWebView.app */;
			productType = "com.apple.product-type.application";
		};
		2C6F7E5126ADF0790023EB64 /* TesteWebViewTests */ = {
			isa = PBXNativeTarget;
			buildConfigurationList = 2C6F7E6926ADF0790023EB64 /* Build configuration list for PBXNativeTarget "TesteWebViewTests" */;
			buildPhases = (
				2C6F7E4E26ADF0790023EB64 /* Sources */,
				2C6F7E4F26ADF0790023EB64 /* Frameworks */,
				2C6F7E5026ADF0790023EB64 /* Resources */,
			);
			buildRules = (
			);
			dependencies = (
				2C6F7E5426ADF0790023EB64 /* PBXTargetDependency */,
			);
			name = TesteWebViewTests;
			productName = TesteWebViewTests;
			productReference = 2C6F7E5226ADF0790023EB64 /* TesteWebViewTests.xctest */;
			productType = "com.apple.product-type.bundle.unit-test";
		};
		2C6F7E5C26ADF0790023EB64 /* TesteWebViewUITests */ = {
			isa = PBXNativeTarget;
			buildConfigurationList = 2C6F7E6C26ADF0790023EB64 /* Build configuration list for PBXNativeTarget "TesteWebViewUITests" */;
			buildPhases = (
				2C6F7E5926ADF0790023EB64 /* Sources */,
				2C6F7E5A26ADF0790023EB64 /* Frameworks */,
				2C6F7E5B26ADF0790023EB64 /* Resources */,
			);
			buildRules = (
			);
			dependencies = (
				2C6F7E5F26ADF0790023EB64 /* PBXTargetDependency */,
			);
			name = TesteWebViewUITests;
			productName = TesteWebViewUITests;
			productReference = 2C6F7E5D26ADF0790023EB64 /* TesteWebViewUITests.xctest */;
			productType = "com.apple.product-type.bundle.ui-testing";
		};
/* End PBXNativeTarget section */

/* Begin PBXProject section */
		2C6F7E3426ADF0760023EB64 /* Project object */ = {
			isa = PBXProject;
			attributes = {
				LastSwiftUpdateCheck = 1230;
				LastUpgradeCheck = 1230;
				TargetAttributes = {
					2C6F7E3B26ADF0760023EB64 = {
						CreatedOnToolsVersion = 12.3;
					};
					2C6F7E5126ADF0790023EB64 = {
						CreatedOnToolsVersion = 12.3;
						TestTargetID = 2C6F7E3B26ADF0760023EB64;
					};
					2C6F7E5C26ADF0790023EB64 = {
						CreatedOnToolsVersion = 12.3;
						TestTargetID = 2C6F7E3B26ADF0760023EB64;
					};
				};
			};
			buildConfigurationList = 2C6F7E3726ADF0760023EB64 /* Build configuration list for PBXProject "TesteWebView" */;
			compatibilityVersion = "Xcode 9.3";
			developmentRegion = en;
			hasScannedForEncodings = 0;
			knownRegions = (
				en,
				Base,
			);
			mainGroup = 2C6F7E3326ADF0760023EB64;
			productRefGroup = 2C6F7E3D26ADF0760023EB64 /* Products */;
			projectDirPath = "";
			projectRoot = "";
			targets = (
				2C6F7E3B26ADF0760023EB64 /* TesteWebView */,
				2C6F7E5126ADF0790023EB64 /* TesteWebViewTests */,
				2C6F7E5C26ADF0790023EB64 /* TesteWebViewUITests */,
			);
		};
/* End PBXProject section */

/* Begin PBXResourcesBuildPhase section */
		2C6F7E3A26ADF0760023EB64 /* Resources */ = {
			isa = PBXResourcesBuildPhase;
			buildActionMask = 2147483647;
			files = (
				2C6F7E4C26ADF0790023EB64 /* LaunchScreen.storyboard in Resources */,
				2C6F7E4926ADF0790023EB64 /* Assets.xcassets in Resources */,
				2C6F7E4726ADF0760023EB64 /* Main.storyboard in Resources */,
			);
			runOnlyForDeploymentPostprocessing = 0;
		};
		2C6F7E5026ADF0790023EB64 /* Resources */ = {
			isa = PBXResourcesBuildPhase;
			buildActionMask = 2147483647;
			files = (
			);
			runOnlyForDeploymentPostprocessing = 0;
		};
		2C6F7E5B26ADF0790023EB64 /* Resources */ = {
			isa = PBXResourcesBuildPhase;
			buildActionMask = 2147483647;
			files = (
			);
			runOnlyForDeploymentPostprocessing = 0;
		};
/* End PBXResourcesBuildPhase section */

/* Begin PBXSourcesBuildPhase section */
		2C6F7E3826ADF0760023EB64 /* Sources */ = {
			isa = PBXSourcesBuildPhase;
			buildActionMask = 2147483647;
			files = (
				2C6F7E4426ADF0760023EB64 /* ViewController.swift in Sources */,
				2C6F7E4026ADF0760023EB64 /* AppDelegate.swift in Sources */,
				2C6F7E7326ADF0AC0023EB64 /* CustomWKWebView.swift in Sources */,
				2C6F7E4226ADF0760023EB64 /* SceneDelegate.swift in Sources */,
			);
			runOnlyForDeploymentPostprocessing = 0;
		};
		2C6F7E4E26ADF0790023EB64 /* Sources */ = {
			isa = PBXSourcesBuildPhase;
			buildActionMask = 2147483647;
			files = (
				2C6F7E5726ADF0790023EB64 /* TesteWebViewTests.swift in Sources */,
			);
			runOnlyForDeploymentPostprocessing = 0;
		};
		2C6F7E5926ADF0790023EB64 /* Sources */ = {
			isa = PBXSourcesBuildPhase;
			buildActionMask = 2147483647;
			files = (
				2C6F7E6226ADF0790023EB64 /* TesteWebViewUITests.swift in Sources */,
			);
			runOnlyForDeploymentPostprocessing = 0;
		};
/* End PBXSourcesBuildPhase section */

/* Begin PBXTargetDependency section */
		2C6F7E5426ADF0790023EB64 /* PBXTargetDependency */ = {
			isa = PBXTargetDependency;
			target = 2C6F7E3B26ADF0760023EB64 /* TesteWebView */;
			targetProxy = 2C6F7E5326ADF0790023EB64 /* PBXContainerItemProxy */;
		};
		2C6F7E5F26ADF0790023EB64 /* PBXTargetDependency */ = {
			isa = PBXTargetDependency;
			target = 2C6F7E3B26ADF0760023EB64 /* TesteWebView */;
			targetProxy = 2C6F7E5E26ADF0790023EB64 /* PBXContainerItemProxy */;
		};
/* End PBXTargetDependency section */

/* Begin PBXVariantGroup section */
		2C6F7E4526ADF0760023EB64 /* Main.storyboard */ = {
			isa = PBXVariantGroup;
			children = (
				2C6F7E4626ADF0760023EB64 /* Base */,
			);
			name = Main.storyboard;
			sourceTree = "<group>";
		};
		2C6F7E4A26ADF0790023EB64 /* LaunchScreen.storyboard */ = {
			isa = PBXVariantGroup;
			children = (
				2C6F7E4B26ADF0790023EB64 /* Base */,
			);
			name = LaunchScreen.storyboard;
			sourceTree = "<group>";
		};
/* End PBXVariantGroup section */

/* Begin XCBuildConfiguration section */
		2C6F7E6426ADF0790023EB64 /* Debug */ = {
			isa = XCBuildConfiguration;
			buildSettings = {
				ALWAYS_SEARCH_USER_PATHS = NO;
				CLANG_ANALYZER_NONNULL = YES;
				CLANG_ANALYZER_NUMBER_OBJECT_CONVERSION = YES_AGGRESSIVE;
				CLANG_CXX_LANGUAGE_STANDARD = "gnu++14";
				CLANG_CXX_LIBRARY = "libc++";
				CLANG_ENABLE_MODULES = YES;
				CLANG_ENABLE_OBJC_ARC = YES;
				CLANG_ENABLE_OBJC_WEAK = YES;
				CLANG_WARN_BLOCK_CAPTURE_AUTORELEASING = YES;
				CLANG_WARN_BOOL_CONVERSION = YES;
				CLANG_WARN_COMMA = YES;
				CLANG_WARN_CONSTANT_CONVERSION = YES;
				CLANG_WARN_DEPRECATED_OBJC_IMPLEMENTATIONS = YES;
				CLANG_WARN_DIRECT_OBJC_ISA_USAGE = YES_ERROR;
				CLANG_WARN_DOCUMENTATION_COMMENTS = YES;
				CLANG_WARN_EMPTY_BODY = YES;
				CLANG_WARN_ENUM_CONVERSION = YES;
				CLANG_WARN_INFINITE_RECURSION = YES;
				CLANG_WARN_INT_CONVERSION = YES;
				CLANG_WARN_NON_LITERAL_NULL_CONVERSION = YES;
				CLANG_WARN_OBJC_IMPLICIT_RETAIN_SELF = YES;
				CLANG_WARN_OBJC_LITERAL_CONVERSION = YES;
				CLANG_WARN_OBJC_ROOT_CLASS = YES_ERROR;
				CLANG_WARN_QUOTED_INCLUDE_IN_FRAMEWORK_HEADER = YES;
				CLANG_WARN_RANGE_LOOP_ANALYSIS = YES;
				CLANG_WARN_STRICT_PROTOTYPES = YES;
				CLANG_WARN_SUSPICIOUS_MOVE = YES;
				CLANG_WARN_UNGUARDED_AVAILABILITY = YES_AGGRESSIVE;
				CLANG_WARN_UNREACHABLE_CODE = YES;
				CLANG_WARN__DUPLICATE_METHOD_MATCH = YES;
				COPY_PHASE_STRIP = NO;
				DEBUG_INFORMATION_FORMAT = dwarf;
				ENABLE_STRICT_OBJC_MSGSEND = YES;
				ENABLE_TESTABILITY = YES;
				GCC_C_LANGUAGE_STANDARD = gnu11;
				GCC_DYNAMIC_NO_PIC = NO;
				GCC_NO_COMMON_BLOCKS = YES;
				GCC_OPTIMIZATION_LEVEL = 0;
				GCC_PREPROCESSOR_DEFINITIONS = (
					"DEBUG=1",
					"$(inherited)",
				);
				GCC_WARN_64_TO_32_BIT_CONVERSION = YES;
				GCC_WARN_ABOUT_RETURN_TYPE = YES_ERROR;
				GCC_WARN_UNDECLARED_SELECTOR = YES;
				GCC_WARN_UNINITIALIZED_AUTOS = YES_AGGRESSIVE;
				GCC_WARN_UNUSED_FUNCTION = YES;
				GCC_WARN_UNUSED_VARIABLE = YES;
				IPHONEOS_DEPLOYMENT_TARGET = 14.3;
				MTL_ENABLE_DEBUG_INFO = INCLUDE_SOURCE;
				MTL_FAST_MATH = YES;
				ONLY_ACTIVE_ARCH = YES;
				SDKROOT = iphoneos;
				SWIFT_ACTIVE_COMPILATION_CONDITIONS = DEBUG;
				SWIFT_OPTIMIZATION_LEVEL = "-Onone";
			};
			name = Debug;
		};
		2C6F7E6526ADF0790023EB64 /* Release */ = {
			isa = XCBuildConfiguration;
			buildSettings = {
				ALWAYS_SEARCH_USER_PATHS = NO;
				CLANG_ANALYZER_NONNULL = YES;
				CLANG_ANALYZER_NUMBER_OBJECT_CONVERSION = YES_AGGRESSIVE;
				CLANG_CXX_LANGUAGE_STANDARD = "gnu++14";
				CLANG_CXX_LIBRARY = "libc++";
				CLANG_ENABLE_MODULES = YES;
				CLANG_ENABLE_OBJC_ARC = YES;
				CLANG_ENABLE_OBJC_WEAK = YES;
				CLANG_WARN_BLOCK_CAPTURE_AUTORELEASING = YES;
				CLANG_WARN_BOOL_CONVERSION = YES;
				CLANG_WARN_COMMA = YES;
				CLANG_WARN_CONSTANT_CONVERSION = YES;
				CLANG_WARN_DEPRECATED_OBJC_IMPLEMENTATIONS = YES;
				CLANG_WARN_DIRECT_OBJC_ISA_USAGE = YES_ERROR;
				CLANG_WARN_DOCUMENTATION_COMMENTS = YES;
				CLANG_WARN_EMPTY_BODY = YES;
				CLANG_WARN_ENUM_CONVERSION = YES;
				CLANG_WARN_INFINITE_RECURSION = YES;
				CLANG_WARN_INT_CONVERSION = YES;
				CLANG_WARN_NON_LITERAL_NULL_CONVERSION = YES;
				CLANG_WARN_OBJC_IMPLICIT_RETAIN_SELF = YES;
				CLANG_WARN_OBJC_LITERAL_CONVERSION = YES;
				CLANG_WARN_OBJC_ROOT_CLASS = YES_ERROR;
				CLANG_WARN_QUOTED_INCLUDE_IN_FRAMEWORK_HEADER = YES;
				CLANG_WARN_RANGE_LOOP_ANALYSIS = YES;
				CLANG_WARN_STRICT_PROTOTYPES = YES;
				CLANG_WARN_SUSPICIOUS_MOVE = YES;
				CLANG_WARN_UNGUARDED_AVAILABILITY = YES_AGGRESSIVE;
				CLANG_WARN_UNREACHABLE_CODE = YES;
				CLANG_WARN__DUPLICATE_METHOD_MATCH = YES;
				COPY_PHASE_STRIP = NO;
				DEBUG_INFORMATION_FORMAT = "dwarf-with-dsym";
				ENABLE_NS_ASSERTIONS = NO;
				ENABLE_STRICT_OBJC_MSGSEND = YES;
				GCC_C_LANGUAGE_STANDARD = gnu11;
				GCC_NO_COMMON_BLOCKS = YES;
				GCC_WARN_64_TO_32_BIT_CONVERSION = YES;
				GCC_WARN_ABOUT_RETURN_TYPE = YES_ERROR;
				GCC_WARN_UNDECLARED_SELECTOR = YES;
				GCC_WARN_UNINITIALIZED_AUTOS = YES_AGGRESSIVE;
				GCC_WARN_UNUSED_FUNCTION = YES;
				GCC_WARN_UNUSED_VARIABLE = YES;
				IPHONEOS_DEPLOYMENT_TARGET = 14.3;
				MTL_ENABLE_DEBUG_INFO = NO;
				MTL_FAST_MATH = YES;
				SDKROOT = iphoneos;
				SWIFT_COMPILATION_MODE = wholemodule;
				SWIFT_OPTIMIZATION_LEVEL = "-O";
				VALIDATE_PRODUCT = YES;
			};
			name = Release;
		};
		2C6F7E6726ADF0790023EB64 /* Debug */ = {
			isa = XCBuildConfiguration;
			buildSettings = {
				ASSETCATALOG_COMPILER_APPICON_NAME = AppIcon;
				ASSETCATALOG_COMPILER_GLOBAL_ACCENT_COLOR_NAME = AccentColor;
				CODE_SIGN_STYLE = Automatic;
				DEVELOPMENT_TEAM = DG3HKN7Y27;
				INFOPLIST_FILE = TesteWebView/Info.plist;
				LD_RUNPATH_SEARCH_PATHS = (
					"$(inherited)",
					"@executable_path/Frameworks",
				);
				PRODUCT_BUNDLE_IDENTIFIER = com.grapejuice.TesteWebView;
				PRODUCT_NAME = "$(TARGET_NAME)";
				SWIFT_VERSION = 5.0;
				TARGETED_DEVICE_FAMILY = "1,2";
			};
			name = Debug;
		};
		2C6F7E6826ADF0790023EB64 /* Release */ = {
			isa = XCBuildConfiguration;
			buildSettings = {
				ASSETCATALOG_COMPILER_APPICON_NAME = AppIcon;
				ASSETCATALOG_COMPILER_GLOBAL_ACCENT_COLOR_NAME = AccentColor;
				CODE_SIGN_STYLE = Automatic;
				DEVELOPMENT_TEAM = DG3HKN7Y27;
				INFOPLIST_FILE = TesteWebView/Info.plist;
				LD_RUNPATH_SEARCH_PATHS = (
					"$(inherited)",
					"@executable_path/Frameworks",
				);
				PRODUCT_BUNDLE_IDENTIFIER = com.grapejuice.TesteWebView;
				PRODUCT_NAME = "$(TARGET_NAME)";
				SWIFT_VERSION = 5.0;
				TARGETED_DEVICE_FAMILY = "1,2";
			};
			name = Release;
		};
		2C6F7E6A26ADF0790023EB64 /* Debug */ = {
			isa = XCBuildConfiguration;
			buildSettings = {
				ALWAYS_EMBED_SWIFT_STANDARD_LIBRARIES = YES;
				BUNDLE_LOADER = "$(TEST_HOST)";
				CODE_SIGN_STYLE = Automatic;
				DEVELOPMENT_TEAM = DG3HKN7Y27;
				INFOPLIST_FILE = TesteWebViewTests/Info.plist;
				IPHONEOS_DEPLOYMENT_TARGET = 14.3;
				LD_RUNPATH_SEARCH_PATHS = (
					"$(inherited)",
					"@executable_path/Frameworks",
					"@loader_path/Frameworks",
				);
				PRODUCT_BUNDLE_IDENTIFIER = com.grapejuice.TesteWebViewTests;
				PRODUCT_NAME = "$(TARGET_NAME)";
				SWIFT_VERSION = 5.0;
				TARGETED_DEVICE_FAMILY = "1,2";
				TEST_HOST = "$(BUILT_PRODUCTS_DIR)/TesteWebView.app/TesteWebView";
			};
			name = Debug;
		};
		2C6F7E6B26ADF0790023EB64 /* Release */ = {
			isa = XCBuildConfiguration;
			buildSettings = {
				ALWAYS_EMBED_SWIFT_STANDARD_LIBRARIES = YES;
				BUNDLE_LOADER = "$(TEST_HOST)";
				CODE_SIGN_STYLE = Automatic;
				DEVELOPMENT_TEAM = DG3HKN7Y27;
				INFOPLIST_FILE = TesteWebViewTests/Info.plist;
				IPHONEOS_DEPLOYMENT_TARGET = 14.3;
				LD_RUNPATH_SEARCH_PATHS = (
					"$(inherited)",
					"@executable_path/Frameworks",
					"@loader_path/Frameworks",
				);
				PRODUCT_BUNDLE_IDENTIFIER = com.grapejuice.TesteWebViewTests;
				PRODUCT_NAME = "$(TARGET_NAME)";
				SWIFT_VERSION = 5.0;
				TARGETED_DEVICE_FAMILY = "1,2";
				TEST_HOST = "$(BUILT_PRODUCTS_DIR)/TesteWebView.app/TesteWebView";
			};
			name = Release;
		};
		2C6F7E6D26ADF0790023EB64 /* Debug */ = {
			isa = XCBuildConfiguration;
			buildSettings = {
				ALWAYS_EMBED_SWIFT_STANDARD_LIBRARIES = YES;
				CODE_SIGN_STYLE = Automatic;
				DEVELOPMENT_TEAM = DG3HKN7Y27;
				INFOPLIST_FILE = TesteWebViewUITests/Info.plist;
				LD_RUNPATH_SEARCH_PATHS = (
					"$(inherited)",
					"@executable_path/Frameworks",
					"@loader_path/Frameworks",
				);
				PRODUCT_BUNDLE_IDENTIFIER = com.grapejuice.TesteWebViewUITests;
				PRODUCT_NAME = "$(TARGET_NAME)";
				SWIFT_VERSION = 5.0;
				TARGETED_DEVICE_FAMILY = "1,2";
				TEST_TARGET_NAME = TesteWebView;
			};
			name = Debug;
		};
		2C6F7E6E26ADF0790023EB64 /* Release */ = {
			isa = XCBuildConfiguration;
			buildSettings = {
				ALWAYS_EMBED_SWIFT_STANDARD_LIBRARIES = YES;
				CODE_SIGN_STYLE = Automatic;
				DEVELOPMENT_TEAM = DG3HKN7Y27;
				INFOPLIST_FILE = TesteWebViewUITests/Info.plist;
				LD_RUNPATH_SEARCH_PATHS = (
					"$(inherited)",
					"@executable_path/Frameworks",
					"@loader_path/Frameworks",
				);
				PRODUCT_BUNDLE_IDENTIFIER = com.grapejuice.TesteWebViewUITests;
				PRODUCT_NAME = "$(TARGET_NAME)";
				SWIFT_VERSION = 5.0;
				TARGETED_DEVICE_FAMILY = "1,2";
				TEST_TARGET_NAME = TesteWebView;
			};
			name = Release;
		};
/* End XCBuildConfiguration section */

/* Begin XCConfigurationList section */
		2C6F7E3726ADF0760023EB64 /* Build configuration list for PBXProject "TesteWebView" */ = {
			isa = XCConfigurationList;
			buildConfigurations = (
				2C6F7E6426ADF0790023EB64 /* Debug */,
				2C6F7E6526ADF0790023EB64 /* Release */,
			);
			defaultConfigurationIsVisible = 0;
			defaultConfigurationName = Release;
		};
		2C6F7E6626ADF0790023EB64 /* Build configuration list for PBXNativeTarget "TesteWebView" */ = {
			isa = XCConfigurationList;
			buildConfigurations = (
				2C6F7E6726ADF0790023EB64 /* Debug */,
				2C6F7E6826ADF0790023EB64 /* Release */,
			);
			defaultConfigurationIsVisible = 0;
			defaultConfigurationName = Release;
		};
		2C6F7E6926ADF0790023EB64 /* Build configuration list for PBXNativeTarget "TesteWebViewTests" */ = {
			isa = XCConfigurationList;
			buildConfigurations = (
				2C6F7E6A26ADF0790023EB64 /* Debug */,
				2C6F7E6B26ADF0790023EB64 /* Release */,
			);
			defaultConfigurationIsVisible = 0;
			defaultConfigurationName = Release;
		};
		2C6F7E6C26ADF0790023EB64 /* Build configuration list for PBXNativeTarget "TesteWebViewUITests" */ = {
			isa = XCConfigurationList;
			buildConfigurations = (
				2C6F7E6D26ADF0790023EB64 /* Debug */,
				2C6F7E6E26ADF0790023EB64 /* Release */,
			);
			defaultConfigurationIsVisible = 0;
			defaultConfigurationName = Release;
		};
/* End XCConfigurationList section */
	};
	rootObject = 2C6F7E3426ADF0760023EB64 /* Project object */;
}
